
Microsoft Visual Studio Solution File, Format Version 12.00
# Visual Studio Version 16
VisualStudioVersion = 16.0.30611.23
MinimumVisualStudioVersion = 10.0.40219.1
Project("{FAE04EC0-301F-11D3-BF4B-00C04F79EFBC}") = "Taxikosten", "Taxikosten\Taxikosten.csproj", "{C5D3A75D-8DB7-471E-A418-9C14059B269A}"
EndProject
Global
	GlobalSection(SolutionConfigurationPlatforms) = preSolution
		Debug|Any CPU = Debug|Any CPU
		Release|Any CPU = Release|Any CPU
	EndGlobalSection
	GlobalSection(ProjectConfigurationPlatforms) = postSolution
		{C5D3A75D-8DB7-471E-A418-9C14059B269A}.Debug|Any CPU.ActiveCfg = Debug|Any CPU
		{C5D3A75D-8DB7-471E-A418-9C14059B269A}.Debug|Any CPU.Build.0 = Debug|Any CPU
		{C5D3A75D-8DB7-471E-A418-9C14059B269A}.Release|Any CPU.ActiveCfg = Release|Any CPU
		{C5D3A75D-8DB7-471E-A418-9C14059B269A}.Release|Any CPU.Build.0 = Release|Any CPU
	EndGlobalSection
	GlobalSection(SolutionProperties) = preSolution
		HideSolutionNode = FALSE
	EndGlobalSection
	GlobalSection(ExtensibilityGlobals) = postSolution
		SolutionGuid = {0E6F3518-8C97-43E9-9FB0-6EC8BB88F1A4}
	EndGlobalSection
EndGlobal
